// !$*UTF8*$!
{
	archiveVersion = 1;
	classes = {
	};
	objectVersion = 56;
	objects = {

/* Begin PBXBuildFile section */
		AB003E7A2BF6195B00A163E8 /* SignUpView.swift in Sources */ = {isa = PBXBuildFile; fileRef = AB003E792BF6195B00A163E8 /* SignUpView.swift */; };
		AB003E7F2BF6EF1600A163E8 /* SignUpViewModel.swift in Sources */ = {isa = PBXBuildFile; fileRef = AB003E7E2BF6EF1600A163E8 /* SignUpViewModel.swift */; };
		BF607F1F2BF5C5EF00770CE7 /* SignUpFinishView.swift in Sources */ = {isa = PBXBuildFile; fileRef = BF607F1E2BF5C5EF00770CE7 /* SignUpFinishView.swift */; };
		BF73033E2BF4A2CB00A482B3 /* SoonganApp.swift in Sources */ = {isa = PBXBuildFile; fileRef = BF73033D2BF4A2CB00A482B3 /* SoonganApp.swift */; };
		BF7303402BF4A2CB00A482B3 /* SignUpMainView.swift in Sources */ = {isa = PBXBuildFile; fileRef = BF73033F2BF4A2CB00A482B3 /* SignUpMainView.swift */; };
		BF7303422BF4A2CB00A482B3 /* Assets.xcassets in Resources */ = {isa = PBXBuildFile; fileRef = BF7303412BF4A2CB00A482B3 /* Assets.xcassets */; };
		BF7303452BF4A2CB00A482B3 /* Preview Assets.xcassets in Resources */ = {isa = PBXBuildFile; fileRef = BF7303442BF4A2CB00A482B3 /* Preview Assets.xcassets */; };
		BF73034E2BF4AB6D00A482B3 /* Constants.swift in Sources */ = {isa = PBXBuildFile; fileRef = BF73034D2BF4AB6D00A482B3 /* Constants.swift */; };
		BF7303512BF4AD2900A482B3 /* Color+.swift in Sources */ = {isa = PBXBuildFile; fileRef = BF7303502BF4AD2900A482B3 /* Color+.swift */; };
		BF7303532BF4B3C500A482B3 /* Text+.swift in Sources */ = {isa = PBXBuildFile; fileRef = BF7303522BF4B3C500A482B3 /* Text+.swift */; };
/* End PBXBuildFile section */

/* Begin PBXFileReference section */
		AB003E792BF6195B00A163E8 /* SignUpView.swift */ = {isa = PBXFileReference; lastKnownFileType = sourcecode.swift; path = SignUpView.swift; sourceTree = "<group>"; };
		AB003E7E2BF6EF1600A163E8 /* SignUpViewModel.swift */ = {isa = PBXFileReference; lastKnownFileType = sourcecode.swift; path = SignUpViewModel.swift; sourceTree = "<group>"; };
		BF607F1E2BF5C5EF00770CE7 /* SignUpFinishView.swift */ = {isa = PBXFileReference; lastKnownFileType = sourcecode.swift; path = SignUpFinishView.swift; sourceTree = "<group>"; };
		BF73033A2BF4A2CB00A482B3 /* Soongan.app */ = {isa = PBXFileReference; explicitFileType = wrapper.application; includeInIndex = 0; path = Soongan.app; sourceTree = BUILT_PRODUCTS_DIR; };
		BF73033D2BF4A2CB00A482B3 /* SoonganApp.swift */ = {isa = PBXFileReference; lastKnownFileType = sourcecode.swift; path = SoonganApp.swift; sourceTree = "<group>"; };
		BF73033F2BF4A2CB00A482B3 /* SignUpMainView.swift */ = {isa = PBXFileReference; lastKnownFileType = sourcecode.swift; path = SignUpMainView.swift; sourceTree = "<group>"; };
		BF7303412BF4A2CB00A482B3 /* Assets.xcassets */ = {isa = PBXFileReference; lastKnownFileType = folder.assetcatalog; path = Assets.xcassets; sourceTree = "<group>"; };
		BF7303442BF4A2CB00A482B3 /* Preview Assets.xcassets */ = {isa = PBXFileReference; lastKnownFileType = folder.assetcatalog; path = "Preview Assets.xcassets"; sourceTree = "<group>"; };
		BF73034D2BF4AB6D00A482B3 /* Constants.swift */ = {isa = PBXFileReference; lastKnownFileType = sourcecode.swift; path = Constants.swift; sourceTree = "<group>"; };
		BF7303502BF4AD2900A482B3 /* Color+.swift */ = {isa = PBXFileReference; lastKnownFileType = sourcecode.swift; path = "Color+.swift"; sourceTree = "<group>"; };
		BF7303522BF4B3C500A482B3 /* Text+.swift */ = {isa = PBXFileReference; lastKnownFileType = sourcecode.swift; path = "Text+.swift"; sourceTree = "<group>"; };
/* End PBXFileReference section */

/* Begin PBXFrameworksBuildPhase section */
		BF7303372BF4A2CB00A482B3 /* Frameworks */ = {
			isa = PBXFrameworksBuildPhase;
			buildActionMask = 2147483647;
			files = (
			);
			runOnlyForDeploymentPostprocessing = 0;
		};
/* End PBXFrameworksBuildPhase section */

/* Begin PBXGroup section */
		AB003E7B2BF6EEF700A163E8 /* SignUpInput */ = {
			isa = PBXGroup;
			children = (
				AB003E7C2BF6EF0500A163E8 /* View */,
				AB003E7D2BF6EF0A00A163E8 /* ViewModel */,
			);
			path = SignUpInput;
			sourceTree = "<group>";
		};
		AB003E7C2BF6EF0500A163E8 /* View */ = {
			isa = PBXGroup;
			children = (
				AB003E792BF6195B00A163E8 /* SignUpView.swift */,
			);
			path = View;
			sourceTree = "<group>";
		};
		AB003E7D2BF6EF0A00A163E8 /* ViewModel */ = {
			isa = PBXGroup;
			children = (
				AB003E7E2BF6EF1600A163E8 /* SignUpViewModel.swift */,
			);
			path = ViewModel;
			sourceTree = "<group>";
		};
		BF607F1B2BF5BFAF00770CE7 /* SignUp */ = {
			isa = PBXGroup;
			children = (
				BF73033F2BF4A2CB00A482B3 /* SignUpMainView.swift */,
				BF607F1E2BF5C5EF00770CE7 /* SignUpFinishView.swift */,
			);
			path = SignUp;
			sourceTree = "<group>";
		};
		BF7303312BF4A2CB00A482B3 = {
			isa = PBXGroup;
			children = (
				BF73033C2BF4A2CB00A482B3 /* Soongan */,
				BF73033B2BF4A2CB00A482B3 /* Products */,
			);
			sourceTree = "<group>";
		};
		BF73033B2BF4A2CB00A482B3 /* Products */ = {
			isa = PBXGroup;
			children = (
				BF73033A2BF4A2CB00A482B3 /* Soongan.app */,
			);
			name = Products;
			sourceTree = "<group>";
		};
		BF73033C2BF4A2CB00A482B3 /* Soongan */ = {
			isa = PBXGroup;
			children = (
				BF607F1B2BF5BFAF00770CE7 /* SignUp */,
				AB003E7B2BF6EEF700A163E8 /* SignUpInput */,
				BF73034F2BF4AD1F00A482B3 /* Extension */,
				BF73034B2BF4AB5E00A482B3 /* Common */,
				BF73033D2BF4A2CB00A482B3 /* SoonganApp.swift */,
				BF7303412BF4A2CB00A482B3 /* Assets.xcassets */,
				BF7303432BF4A2CB00A482B3 /* Preview Content */,
			);
			path = Soongan;
			sourceTree = "<group>";
		};
		BF7303432BF4A2CB00A482B3 /* Preview Content */ = {
			isa = PBXGroup;
			children = (
				BF7303442BF4A2CB00A482B3 /* Preview Assets.xcassets */,
			);
			path = "Preview Content";
			sourceTree = "<group>";
		};
		BF73034B2BF4AB5E00A482B3 /* Common */ = {
			isa = PBXGroup;
			children = (
				BF73034C2BF4AB6300A482B3 /* Util */,
			);
			path = Common;
			sourceTree = "<group>";
		};
		BF73034C2BF4AB6300A482B3 /* Util */ = {
			isa = PBXGroup;
			children = (
				BF73034D2BF4AB6D00A482B3 /* Constants.swift */,
			);
			path = Util;
			sourceTree = "<group>";
		};
		BF73034F2BF4AD1F00A482B3 /* Extension */ = {
			isa = PBXGroup;
			children = (
				BF7303502BF4AD2900A482B3 /* Color+.swift */,
				BF7303522BF4B3C500A482B3 /* Text+.swift */,
			);
			path = Extension;
			sourceTree = "<group>";
		};
/* End PBXGroup section */

/* Begin PBXNativeTarget section */
		BF7303392BF4A2CB00A482B3 /* Soongan */ = {
			isa = PBXNativeTarget;
			buildConfigurationList = BF7303482BF4A2CB00A482B3 /* Build configuration list for PBXNativeTarget "Soongan" */;
			buildPhases = (
				BF7303362BF4A2CB00A482B3 /* Sources */,
				BF7303372BF4A2CB00A482B3 /* Frameworks */,
				BF7303382BF4A2CB00A482B3 /* Resources */,
			);
			buildRules = (
			);
			dependencies = (
			);
			name = Soongan;
			productName = Soongan;
			productReference = BF73033A2BF4A2CB00A482B3 /* Soongan.app */;
			productType = "com.apple.product-type.application";
		};
/* End PBXNativeTarget section */

/* Begin PBXProject section */
		BF7303322BF4A2CB00A482B3 /* Project object */ = {
			isa = PBXProject;
			attributes = {
				BuildIndependentTargetsInParallel = 1;
				LastSwiftUpdateCheck = 1520;
				LastUpgradeCheck = 1520;
				TargetAttributes = {
					BF7303392BF4A2CB00A482B3 = {
						CreatedOnToolsVersion = 15.2;
					};
				};
			};
			buildConfigurationList = BF7303352BF4A2CB00A482B3 /* Build configuration list for PBXProject "Soongan" */;
			compatibilityVersion = "Xcode 14.0";
			developmentRegion = en;
			hasScannedForEncodings = 0;
			knownRegions = (
				en,
				Base,
			);
			mainGroup = BF7303312BF4A2CB00A482B3;
			productRefGroup = BF73033B2BF4A2CB00A482B3 /* Products */;
			projectDirPath = "";
			projectRoot = "";
			targets = (
				BF7303392BF4A2CB00A482B3 /* Soongan */,
			);
		};
/* End PBXProject section */

/* Begin PBXResourcesBuildPhase section */
		BF7303382BF4A2CB00A482B3 /* Resources */ = {
			isa = PBXResourcesBuildPhase;
			buildActionMask = 2147483647;
			files = (
				BF7303452BF4A2CB00A482B3 /* Preview Assets.xcassets in Resources */,
				BF7303422BF4A2CB00A482B3 /* Assets.xcassets in Resources */,
			);
			runOnlyForDeploymentPostprocessing = 0;
		};
/* End PBXResourcesBuildPhase section */

/* Begin PBXSourcesBuildPhase section */
		BF7303362BF4A2CB00A482B3 /* Sources */ = {
			isa = PBXSourcesBuildPhase;
			buildActionMask = 2147483647;
			files = (
				BF7303402BF4A2CB00A482B3 /* SignUpMainView.swift in Sources */,
				BF7303512BF4AD2900A482B3 /* Color+.swift in Sources */,
				AB003E7F2BF6EF1600A163E8 /* SignUpViewModel.swift in Sources */,
				BF73033E2BF4A2CB00A482B3 /* SoonganApp.swift in Sources */,
				AB003E7A2BF6195B00A163E8 /* SignUpView.swift in Sources */,
				BF607F1F2BF5C5EF00770CE7 /* SignUpFinishView.swift in Sources */,
				BF7303532BF4B3C500A482B3 /* Text+.swift in Sources */,
				BF73034E2BF4AB6D00A482B3 /* Constants.swift in Sources */,
			);
			runOnlyForDeploymentPostprocessing = 0;
		};
/* End PBXSourcesBuildPhase section */

/* Begin XCBuildConfiguration section */
		BF7303462BF4A2CB00A482B3 /* Debug */ = {
			isa = XCBuildConfiguration;
			buildSettings = {
				ALWAYS_SEARCH_USER_PATHS = NO;
				ASSETCATALOG_COMPILER_GENERATE_SWIFT_ASSET_SYMBOL_EXTENSIONS = YES;
				CLANG_ANALYZER_NONNULL = YES;
				CLANG_ANALYZER_NUMBER_OBJECT_CONVERSION = YES_AGGRESSIVE;
				CLANG_CXX_LANGUAGE_STANDARD = "gnu++20";
				CLANG_ENABLE_MODULES = YES;
				CLANG_ENABLE_OBJC_ARC = YES;
				CLANG_ENABLE_OBJC_WEAK = YES;
				CLANG_WARN_BLOCK_CAPTURE_AUTORELEASING = YES;
				CLANG_WARN_BOOL_CONVERSION = YES;
				CLANG_WARN_COMMA = YES;
				CLANG_WARN_CONSTANT_CONVERSION = YES;
				CLANG_WARN_DEPRECATED_OBJC_IMPLEMENTATIONS = YES;
				CLANG_WARN_DIRECT_OBJC_ISA_USAGE = YES_ERROR;
				CLANG_WARN_DOCUMENTATION_COMMENTS = YES;
				CLANG_WARN_EMPTY_BODY = YES;
				CLANG_WARN_ENUM_CONVERSION = YES;
				CLANG_WARN_INFINITE_RECURSION = YES;
				CLANG_WARN_INT_CONVERSION = YES;
				CLANG_WARN_NON_LITERAL_NULL_CONVERSION = YES;
				CLANG_WARN_OBJC_IMPLICIT_RETAIN_SELF = YES;
				CLANG_WARN_OBJC_LITERAL_CONVERSION = YES;
				CLANG_WARN_OBJC_ROOT_CLASS = YES_ERROR;
				CLANG_WARN_QUOTED_INCLUDE_IN_FRAMEWORK_HEADER = YES;
				CLANG_WARN_RANGE_LOOP_ANALYSIS = YES;
				CLANG_WARN_STRICT_PROTOTYPES = YES;
				CLANG_WARN_SUSPICIOUS_MOVE = YES;
				CLANG_WARN_UNGUARDED_AVAILABILITY = YES_AGGRESSIVE;
				CLANG_WARN_UNREACHABLE_CODE = YES;
				CLANG_WARN__DUPLICATE_METHOD_MATCH = YES;
				COPY_PHASE_STRIP = NO;
				DEBUG_INFORMATION_FORMAT = dwarf;
				ENABLE_STRICT_OBJC_MSGSEND = YES;
				ENABLE_TESTABILITY = YES;
				ENABLE_USER_SCRIPT_SANDBOXING = YES;
				GCC_C_LANGUAGE_STANDARD = gnu17;
				GCC_DYNAMIC_NO_PIC = NO;
				GCC_NO_COMMON_BLOCKS = YES;
				GCC_OPTIMIZATION_LEVEL = 0;
				GCC_PREPROCESSOR_DEFINITIONS = (
					"DEBUG=1",
					"$(inherited)",
				);
				GCC_WARN_64_TO_32_BIT_CONVERSION = YES;
				GCC_WARN_ABOUT_RETURN_TYPE = YES_ERROR;
				GCC_WARN_UNDECLARED_SELECTOR = YES;
				GCC_WARN_UNINITIALIZED_AUTOS = YES_AGGRESSIVE;
				GCC_WARN_UNUSED_FUNCTION = YES;
				GCC_WARN_UNUSED_VARIABLE = YES;
				IPHONEOS_DEPLOYMENT_TARGET = 17.2;
				LOCALIZATION_PREFERS_STRING_CATALOGS = YES;
				MTL_ENABLE_DEBUG_INFO = INCLUDE_SOURCE;
				MTL_FAST_MATH = YES;
				ONLY_ACTIVE_ARCH = YES;
				SDKROOT = iphoneos;
				SWIFT_ACTIVE_COMPILATION_CONDITIONS = "DEBUG $(inherited)";
				SWIFT_OPTIMIZATION_LEVEL = "-Onone";
			};
			name = Debug;
		};
		BF7303472BF4A2CB00A482B3 /* Release */ = {
			isa = XCBuildConfiguration;
			buildSettings = {
				ALWAYS_SEARCH_USER_PATHS = NO;
				ASSETCATALOG_COMPILER_GENERATE_SWIFT_ASSET_SYMBOL_EXTENSIONS = YES;
				CLANG_ANALYZER_NONNULL = YES;
				CLANG_ANALYZER_NUMBER_OBJECT_CONVERSION = YES_AGGRESSIVE;
				CLANG_CXX_LANGUAGE_STANDARD = "gnu++20";
				CLANG_ENABLE_MODULES = YES;
				CLANG_ENABLE_OBJC_ARC = YES;
				CLANG_ENABLE_OBJC_WEAK = YES;
				CLANG_WARN_BLOCK_CAPTURE_AUTORELEASING = YES;
				CLANG_WARN_BOOL_CONVERSION = YES;
				CLANG_WARN_COMMA = YES;
				CLANG_WARN_CONSTANT_CONVERSION = YES;
				CLANG_WARN_DEPRECATED_OBJC_IMPLEMENTATIONS = YES;
				CLANG_WARN_DIRECT_OBJC_ISA_USAGE = YES_ERROR;
				CLANG_WARN_DOCUMENTATION_COMMENTS = YES;
				CLANG_WARN_EMPTY_BODY = YES;
				CLANG_WARN_ENUM_CONVERSION = YES;
				CLANG_WARN_INFINITE_RECURSION = YES;
				CLANG_WARN_INT_CONVERSION = YES;
				CLANG_WARN_NON_LITERAL_NULL_CONVERSION = YES;
				CLANG_WARN_OBJC_IMPLICIT_RETAIN_SELF = YES;
				CLANG_WARN_OBJC_LITERAL_CONVERSION = YES;
				CLANG_WARN_OBJC_ROOT_CLASS = YES_ERROR;
				CLANG_WARN_QUOTED_INCLUDE_IN_FRAMEWORK_HEADER = YES;
				CLANG_WARN_RANGE_LOOP_ANALYSIS = YES;
				CLANG_WARN_STRICT_PROTOTYPES = YES;
				CLANG_WARN_SUSPICIOUS_MOVE = YES;
				CLANG_WARN_UNGUARDED_AVAILABILITY = YES_AGGRESSIVE;
				CLANG_WARN_UNREACHABLE_CODE = YES;
				CLANG_WARN__DUPLICATE_METHOD_MATCH = YES;
				COPY_PHASE_STRIP = NO;
				DEBUG_INFORMATION_FORMAT = "dwarf-with-dsym";
				ENABLE_NS_ASSERTIONS = NO;
				ENABLE_STRICT_OBJC_MSGSEND = YES;
				ENABLE_USER_SCRIPT_SANDBOXING = YES;
				GCC_C_LANGUAGE_STANDARD = gnu17;
				GCC_NO_COMMON_BLOCKS = YES;
				GCC_WARN_64_TO_32_BIT_CONVERSION = YES;
				GCC_WARN_ABOUT_RETURN_TYPE = YES_ERROR;
				GCC_WARN_UNDECLARED_SELECTOR = YES;
				GCC_WARN_UNINITIALIZED_AUTOS = YES_AGGRESSIVE;
				GCC_WARN_UNUSED_FUNCTION = YES;
				GCC_WARN_UNUSED_VARIABLE = YES;
				IPHONEOS_DEPLOYMENT_TARGET = 17.2;
				LOCALIZATION_PREFERS_STRING_CATALOGS = YES;
				MTL_ENABLE_DEBUG_INFO = NO;
				MTL_FAST_MATH = YES;
				SDKROOT = iphoneos;
				SWIFT_COMPILATION_MODE = wholemodule;
				VALIDATE_PRODUCT = YES;
			};
			name = Release;
		};
		BF7303492BF4A2CB00A482B3 /* Debug */ = {
			isa = XCBuildConfiguration;
			buildSettings = {
				ASSETCATALOG_COMPILER_APPICON_NAME = AppIcon;
				ASSETCATALOG_COMPILER_GLOBAL_ACCENT_COLOR_NAME = AccentColor;
				CODE_SIGN_STYLE = Automatic;
				CURRENT_PROJECT_VERSION = 1;
				DEVELOPMENT_ASSET_PATHS = "\"Soongan/Preview Content\"";
				DEVELOPMENT_TEAM = BTX96P3YD4;
				ENABLE_PREVIEWS = YES;
				GENERATE_INFOPLIST_FILE = YES;
				INFOPLIST_KEY_UIApplicationSceneManifest_Generation = YES;
				INFOPLIST_KEY_UIApplicationSupportsIndirectInputEvents = YES;
				INFOPLIST_KEY_UILaunchScreen_Generation = YES;
				INFOPLIST_KEY_UISupportedInterfaceOrientations_iPad = "UIInterfaceOrientationPortrait UIInterfaceOrientationPortraitUpsideDown UIInterfaceOrientationLandscapeLeft UIInterfaceOrientationLandscapeRight";
				INFOPLIST_KEY_UISupportedInterfaceOrientations_iPhone = "UIInterfaceOrientationPortrait UIInterfaceOrientationLandscapeLeft UIInterfaceOrientationLandscapeRight";
				IPHONEOS_DEPLOYMENT_TARGET = 15.0;
				LD_RUNPATH_SEARCH_PATHS = (
					"$(inherited)",
					"@executable_path/Frameworks",
				);
				MARKETING_VERSION = 1.0;
				PRODUCT_BUNDLE_IDENTIFIER = ysome.Soongan;
				PRODUCT_NAME = "$(TARGET_NAME)";
				SWIFT_EMIT_LOC_STRINGS = YES;
				SWIFT_VERSION = 5.0;
				TARGETED_DEVICE_FAMILY = "1,2";
			};
			name = Debug;
		};
		BF73034A2BF4A2CB00A482B3 /* Release */ = {
			isa = XCBuildConfiguration;
			buildSettings = {
				ASSETCATALOG_COMPILER_APPICON_NAME = AppIcon;
				ASSETCATALOG_COMPILER_GLOBAL_ACCENT_COLOR_NAME = AccentColor;
				CODE_SIGN_STYLE = Automatic;
				CURRENT_PROJECT_VERSION = 1;
				DEVELOPMENT_ASSET_PATHS = "\"Soongan/Preview Content\"";
				DEVELOPMENT_TEAM = BTX96P3YD4;
				ENABLE_PREVIEWS = YES;
				GENERATE_INFOPLIST_FILE = YES;
				INFOPLIST_KEY_UIApplicationSceneManifest_Generation = YES;
				INFOPLIST_KEY_UIApplicationSupportsIndirectInputEvents = YES;
				INFOPLIST_KEY_UILaunchScreen_Generation = YES;
				INFOPLIST_KEY_UISupportedInterfaceOrientations_iPad = "UIInterfaceOrientationPortrait UIInterfaceOrientationPortraitUpsideDown UIInterfaceOrientationLandscapeLeft UIInterfaceOrientationLandscapeRight";
				INFOPLIST_KEY_UISupportedInterfaceOrientations_iPhone = "UIInterfaceOrientationPortrait UIInterfaceOrientationLandscapeLeft UIInterfaceOrientationLandscapeRight";
				IPHONEOS_DEPLOYMENT_TARGET = 15.0;
				LD_RUNPATH_SEARCH_PATHS = (
					"$(inherited)",
					"@executable_path/Frameworks",
				);
				MARKETING_VERSION = 1.0;
				PRODUCT_BUNDLE_IDENTIFIER = ysome.Soongan;
				PRODUCT_NAME = "$(TARGET_NAME)";
				SWIFT_EMIT_LOC_STRINGS = YES;
				SWIFT_VERSION = 5.0;
				TARGETED_DEVICE_FAMILY = "1,2";
			};
			name = Release;
		};
/* End XCBuildConfiguration section */

/* Begin XCConfigurationList section */
		BF7303352BF4A2CB00A482B3 /* Build configuration list for PBXProject "Soongan" */ = {
			isa = XCConfigurationList;
			buildConfigurations = (
				BF7303462BF4A2CB00A482B3 /* Debug */,
				BF7303472BF4A2CB00A482B3 /* Release */,
			);
			defaultConfigurationIsVisible = 0;
			defaultConfigurationName = Release;
		};
		BF7303482BF4A2CB00A482B3 /* Build configuration list for PBXNativeTarget "Soongan" */ = {
			isa = XCConfigurationList;
			buildConfigurations = (
				BF7303492BF4A2CB00A482B3 /* Debug */,
				BF73034A2BF4A2CB00A482B3 /* Release */,
			);
			defaultConfigurationIsVisible = 0;
			defaultConfigurationName = Release;
		};
/* End XCConfigurationList section */
	};
	rootObject = BF7303322BF4A2CB00A482B3 /* Project object */;
}
